
Microsoft Visual Studio Solution File, Format Version 12.00
# Visual Studio Version 17
VisualStudioVersion = 17.4.33213.308
MinimumVisualStudioVersion = 10.0.40219.1
Project("{FAE04EC0-301F-11D3-BF4B-00C04F79EFBC}") = "EmployeePayrollRestSharpMstest", "EmployeePayrollRestSharpMstest\EmployeePayrollRestSharpMstest.csproj", "{904879CF-A973-42E8-93D3-F2C6DC57D210}"
EndProject
Global
	GlobalSection(SolutionConfigurationPlatforms) = preSolution
		Debug|Any CPU = Debug|Any CPU
		Release|Any CPU = Release|Any CPU
	EndGlobalSection
	GlobalSection(ProjectConfigurationPlatforms) = postSolution
		{904879CF-A973-42E8-93D3-F2C6DC57D210}.Debug|Any CPU.ActiveCfg = Debug|Any CPU
		{904879CF-A973-42E8-93D3-F2C6DC57D210}.Debug|Any CPU.Build.0 = Debug|Any CPU
		{904879CF-A973-42E8-93D3-F2C6DC57D210}.Release|Any CPU.ActiveCfg = Release|Any CPU
		{904879CF-A973-42E8-93D3-F2C6DC57D210}.Release|Any CPU.Build.0 = Release|Any CPU
	EndGlobalSection
	GlobalSection(SolutionProperties) = preSolution
		HideSolutionNode = FALSE
	EndGlobalSection
	GlobalSection(ExtensibilityGlobals) = postSolution
		SolutionGuid = {2A4C3B80-7BB2-4130-9A00-D961A856894E}
	EndGlobalSection
EndGlobal
